
Microsoft Visual Studio Solution File, Format Version 12.00
# Visual Studio Version 17
VisualStudioVersion = 17.8.34511.84
MinimumVisualStudioVersion = 10.0.40219.1
Project("{9A19103F-16F7-4668-BE54-9A1E7A4F7556}") = "OnlineMobileServices_FE", "OnlineMobileServices_FE.csproj", "{A2CD6250-A078-4CCE-B53E-95B5A73F977A}"
EndProject
Project("{FAE04EC0-301F-11D3-BF4B-00C04F79EFBC}") = "OnlineMobileServices_API", "..\OnlineMobileServices_API\OnlineMobileServices_API.csproj", "{16201196-28B8-4DE8-B8D2-950630D08A21}"
EndProject
Project("{FAE04EC0-301F-11D3-BF4B-00C04F79EFBC}") = "OnlineMobileServices_Models", "..\OnlineMobileServices_Models\OnlineMobileServices_Models.csproj", "{E636316E-1BDE-428F-9C47-5CB8C3B4AE7B}"
EndProject
Global
	GlobalSection(SolutionConfigurationPlatforms) = preSolution
		Debug|Any CPU = Debug|Any CPU
		Release|Any CPU = Release|Any CPU
	EndGlobalSection
	GlobalSection(ProjectConfigurationPlatforms) = postSolution
		{A2CD6250-A078-4CCE-B53E-95B5A73F977A}.Debug|Any CPU.ActiveCfg = Debug|Any CPU
		{A2CD6250-A078-4CCE-B53E-95B5A73F977A}.Debug|Any CPU.Build.0 = Debug|Any CPU
		{A2CD6250-A078-4CCE-B53E-95B5A73F977A}.Release|Any CPU.ActiveCfg = Release|Any CPU
		{A2CD6250-A078-4CCE-B53E-95B5A73F977A}.Release|Any CPU.Build.0 = Release|Any CPU
		{16201196-28B8-4DE8-B8D2-950630D08A21}.Debug|Any CPU.ActiveCfg = Debug|Any CPU
		{16201196-28B8-4DE8-B8D2-950630D08A21}.Debug|Any CPU.Build.0 = Debug|Any CPU
		{16201196-28B8-4DE8-B8D2-950630D08A21}.Release|Any CPU.ActiveCfg = Release|Any CPU
		{16201196-28B8-4DE8-B8D2-950630D08A21}.Release|Any CPU.Build.0 = Release|Any CPU
		{E636316E-1BDE-428F-9C47-5CB8C3B4AE7B}.Debug|Any CPU.ActiveCfg = Debug|Any CPU
		{E636316E-1BDE-428F-9C47-5CB8C3B4AE7B}.Debug|Any CPU.Build.0 = Debug|Any CPU
		{E636316E-1BDE-428F-9C47-5CB8C3B4AE7B}.Release|Any CPU.ActiveCfg = Release|Any CPU
		{E636316E-1BDE-428F-9C47-5CB8C3B4AE7B}.Release|Any CPU.Build.0 = Release|Any CPU
	EndGlobalSection
	GlobalSection(SolutionProperties) = preSolution
		HideSolutionNode = FALSE
	EndGlobalSection
	GlobalSection(ExtensibilityGlobals) = postSolution
		SolutionGuid = {845BD6A6-C228-42FE-8EC8-CCD20E040FF8}
	EndGlobalSection
EndGlobal
